// !$*UTF8*$!
{
	archiveVersion = 1;
	classes = {
	};
	objectVersion = 55;
	objects = {

/* Begin PBXBuildFile section */
		0F662C7D2759891500C71A41 /* User.swift in Sources */ = {isa = PBXBuildFile; fileRef = 0F662C7C2759891500C71A41 /* User.swift */; };
		0F662C8127598DA100C71A41 /* RestaurantView.swift in Sources */ = {isa = PBXBuildFile; fileRef = 0F662C8027598DA100C71A41 /* RestaurantView.swift */; };
		0F662C8327598E0C00C71A41 /* AsyncImage.swift in Sources */ = {isa = PBXBuildFile; fileRef = 0F662C8227598E0C00C71A41 /* AsyncImage.swift */; };
		0F662C8627598F0B00C71A41 /* SDWebImageSwiftUI in Frameworks */ = {isa = PBXBuildFile; productRef = 0F662C8527598F0B00C71A41 /* SDWebImageSwiftUI */; };
		0F769051275CCF41006836F2 /* HomeViewViewModel.swift in Sources */ = {isa = PBXBuildFile; fileRef = 0F769050275CCF41006836F2 /* HomeViewViewModel.swift */; };
		0F769053275CD00C006836F2 /* RestaurantDetailView.swift in Sources */ = {isa = PBXBuildFile; fileRef = 0F769052275CD00C006836F2 /* RestaurantDetailView.swift */; };
		0F769055275CD470006836F2 /* DishView.swift in Sources */ = {isa = PBXBuildFile; fileRef = 0F769054275CD470006836F2 /* DishView.swift */; };
		0F769057275CF1B5006836F2 /* DishDetailView.swift in Sources */ = {isa = PBXBuildFile; fileRef = 0F769056275CF1B5006836F2 /* DishDetailView.swift */; };
		0F769059275CF636006836F2 /* CartView.swift in Sources */ = {isa = PBXBuildFile; fileRef = 0F769058275CF636006836F2 /* CartView.swift */; };
		0F76905B275D0D3A006836F2 /* LoginView.swift in Sources */ = {isa = PBXBuildFile; fileRef = 0F76905A275D0D3A006836F2 /* LoginView.swift */; };
		0F76905D275D0EE3006836F2 /* ProfileView.swift in Sources */ = {isa = PBXBuildFile; fileRef = 0F76905C275D0EE3006836F2 /* ProfileView.swift */; };
		0F769061275D3B8D006836F2 /* UserService.swift in Sources */ = {isa = PBXBuildFile; fileRef = 0F769060275D3B8D006836F2 /* UserService.swift */; };
		0F769063275D3B95006836F2 /* MockUserService.swift in Sources */ = {isa = PBXBuildFile; fileRef = 0F769062275D3B95006836F2 /* MockUserService.swift */; };
		0F769065275D3D52006836F2 /* SignupView.swift in Sources */ = {isa = PBXBuildFile; fileRef = 0F769064275D3D52006836F2 /* SignupView.swift */; };
		0F769068275D3F3E006836F2 /* RestaurantsService.swift in Sources */ = {isa = PBXBuildFile; fileRef = 0F769067275D3F3E006836F2 /* RestaurantsService.swift */; };
		0F76906A275D3F46006836F2 /* MockRestaurantsService.swift in Sources */ = {isa = PBXBuildFile; fileRef = 0F769069275D3F46006836F2 /* MockRestaurantsService.swift */; };
		0F76906C275D43B5006836F2 /* MockedRestaurants.json in Resources */ = {isa = PBXBuildFile; fileRef = 0F76906B275D43B5006836F2 /* MockedRestaurants.json */; };
		0F76906F275D4D2C006836F2 /* OrdersService.swift in Sources */ = {isa = PBXBuildFile; fileRef = 0F76906E275D4D2C006836F2 /* OrdersService.swift */; };
		0F769071275D4D77006836F2 /* MockOrdersService.swift in Sources */ = {isa = PBXBuildFile; fileRef = 0F769070275D4D77006836F2 /* MockOrdersService.swift */; };
		0F769073275D4DA8006836F2 /* MockedOrders.json in Resources */ = {isa = PBXBuildFile; fileRef = 0F769072275D4DA8006836F2 /* MockedOrders.json */; };
		0F8AB00A282D7C4800744315 /* NetworkManager.swift in Sources */ = {isa = PBXBuildFile; fileRef = 0F8AB009282D7C4800744315 /* NetworkManager.swift */; };
		0F8AB00C282D7E8200744315 /* HTTPMethod.swift in Sources */ = {isa = PBXBuildFile; fileRef = 0F8AB00B282D7E8200744315 /* HTTPMethod.swift */; };
		0F8AB00E282D7EA700744315 /* Endpoint.swift in Sources */ = {isa = PBXBuildFile; fileRef = 0F8AB00D282D7EA700744315 /* Endpoint.swift */; };
		0F8AB012282D80A200744315 /* Signup+Endpoint.swift in Sources */ = {isa = PBXBuildFile; fileRef = 0F8AB011282D80A200744315 /* Signup+Endpoint.swift */; };
		0F8AB01528364FC800744315 /* TestNetworkExecutor.swift in Sources */ = {isa = PBXBuildFile; fileRef = 0F8AB01428364FC700744315 /* TestNetworkExecutor.swift */; };
		0F8AB0182836506200744315 /* Login+Endpoint.swift in Sources */ = {isa = PBXBuildFile; fileRef = 0F8AB0172836506200744315 /* Login+Endpoint.swift */; };
		0F8AB01A2836524400744315 /* APIResults.swift in Sources */ = {isa = PBXBuildFile; fileRef = 0F8AB0192836524400744315 /* APIResults.swift */; };
		0F8AB01C2836554600744315 /* ListRestaurants+Endpoint.swift in Sources */ = {isa = PBXBuildFile; fileRef = 0F8AB01B2836554600744315 /* ListRestaurants+Endpoint.swift */; };
		0F8AB01E28365D1B00744315 /* Orders+Endpoint.swift in Sources */ = {isa = PBXBuildFile; fileRef = 0F8AB01D28365D1B00744315 /* Orders+Endpoint.swift */; };
		0F8AB02028380CC100744315 /* Payments+Endpoint.swift in Sources */ = {isa = PBXBuildFile; fileRef = 0F8AB01F28380CC100744315 /* Payments+Endpoint.swift */; };
		0F8AB0272838128200744315 /* Service.swift in Sources */ = {isa = PBXBuildFile; fileRef = 0F8AB0262838128200744315 /* Service.swift */; };
		0F8AB0292838128D00744315 /* User+Service.swift in Sources */ = {isa = PBXBuildFile; fileRef = 0F8AB0282838128D00744315 /* User+Service.swift */; };
		0F8AB02B2838237900744315 /* Restaurant+Service.swift in Sources */ = {isa = PBXBuildFile; fileRef = 0F8AB02A2838237900744315 /* Restaurant+Service.swift */; };
		0F8AB02D28382AA100744315 /* Double+Extension.swift in Sources */ = {isa = PBXBuildFile; fileRef = 0F8AB02C28382AA100744315 /* Double+Extension.swift */; };
		0F8AB02F28395AB200744315 /* Date+Extension.swift in Sources */ = {isa = PBXBuildFile; fileRef = 0F8AB02E28395AB200744315 /* Date+Extension.swift */; };
		0F8AB03228398C9400744315 /* OrderDatesActionsValidator.swift in Sources */ = {isa = PBXBuildFile; fileRef = 0F8AB03128398C9400744315 /* OrderDatesActionsValidator.swift */; };
		0F8AB035283991D200744315 /* PaymentMethodsView.swift in Sources */ = {isa = PBXBuildFile; fileRef = 0F8AB034283991D200744315 /* PaymentMethodsView.swift */; };
		0F8AB037283A3E9700744315 /* Payments+Service.swift in Sources */ = {isa = PBXBuildFile; fileRef = 0F8AB036283A3E9700744315 /* Payments+Service.swift */; };
		0FACF7A6274122B000B55423 /* SliceApp.swift in Sources */ = {isa = PBXBuildFile; fileRef = 0FACF7A5274122B000B55423 /* SliceApp.swift */; };
		0FACF7A8274122B000B55423 /* ContentView.swift in Sources */ = {isa = PBXBuildFile; fileRef = 0FACF7A7274122B000B55423 /* ContentView.swift */; };
		0FACF7AA274122B200B55423 /* Assets.xcassets in Resources */ = {isa = PBXBuildFile; fileRef = 0FACF7A9274122B200B55423 /* Assets.xcassets */; };
		0FACF7AD274122B200B55423 /* Preview Assets.xcassets in Resources */ = {isa = PBXBuildFile; fileRef = 0FACF7AC274122B200B55423 /* Preview Assets.xcassets */; };
		0FACF7BA2741230F00B55423 /* HomeView.swift in Sources */ = {isa = PBXBuildFile; fileRef = 0FACF7B92741230F00B55423 /* HomeView.swift */; };
		0FACF7BD2741239D00B55423 /* SLCircleView.swift in Sources */ = {isa = PBXBuildFile; fileRef = 0FACF7BC2741239D00B55423 /* SLCircleView.swift */; };
		0FACF7BF2741262600B55423 /* SLProfileHeaderView.swift in Sources */ = {isa = PBXBuildFile; fileRef = 0FACF7BE2741262600B55423 /* SLProfileHeaderView.swift */; };
		0FE9DFA9274A602800AE15B5 /* SecondaryRestaurantsView.swift in Sources */ = {isa = PBXBuildFile; fileRef = 0FE9DFA8274A602800AE15B5 /* SecondaryRestaurantsView.swift */; };
		0FE9DFAC274A607200AE15B5 /* SLUnderTitledViewModifier.swift in Sources */ = {isa = PBXBuildFile; fileRef = 0FE9DFAB274A607200AE15B5 /* SLUnderTitledViewModifier.swift */; };
		0FE9DFB7274AD6FC00AE15B5 /* RestaurantsView.swift in Sources */ = {isa = PBXBuildFile; fileRef = 0FE9DFB6274AD6FC00AE15B5 /* RestaurantsView.swift */; };
/* End PBXBuildFile section */

/* Begin PBXFileReference section */
		0F662C7C2759891500C71A41 /* User.swift */ = {isa = PBXFileReference; lastKnownFileType = sourcecode.swift; path = User.swift; sourceTree = "<group>"; };
		0F662C8027598DA100C71A41 /* RestaurantView.swift */ = {isa = PBXFileReference; lastKnownFileType = sourcecode.swift; path = RestaurantView.swift; sourceTree = "<group>"; };
		0F662C8227598E0C00C71A41 /* AsyncImage.swift */ = {isa = PBXFileReference; lastKnownFileType = sourcecode.swift; path = AsyncImage.swift; sourceTree = "<group>"; };
		0F769050275CCF41006836F2 /* HomeViewViewModel.swift */ = {isa = PBXFileReference; lastKnownFileType = sourcecode.swift; path = HomeViewViewModel.swift; sourceTree = "<group>"; };
		0F769052275CD00C006836F2 /* RestaurantDetailView.swift */ = {isa = PBXFileReference; lastKnownFileType = sourcecode.swift; path = RestaurantDetailView.swift; sourceTree = "<group>"; };
		0F769054275CD470006836F2 /* DishView.swift */ = {isa = PBXFileReference; lastKnownFileType = sourcecode.swift; path = DishView.swift; sourceTree = "<group>"; };
		0F769056275CF1B5006836F2 /* DishDetailView.swift */ = {isa = PBXFileReference; lastKnownFileType = sourcecode.swift; path = DishDetailView.swift; sourceTree = "<group>"; };
		0F769058275CF636006836F2 /* CartView.swift */ = {isa = PBXFileReference; lastKnownFileType = sourcecode.swift; path = CartView.swift; sourceTree = "<group>"; };
		0F76905A275D0D3A006836F2 /* LoginView.swift */ = {isa = PBXFileReference; lastKnownFileType = sourcecode.swift; path = LoginView.swift; sourceTree = "<group>"; };
		0F76905C275D0EE3006836F2 /* ProfileView.swift */ = {isa = PBXFileReference; lastKnownFileType = sourcecode.swift; path = ProfileView.swift; sourceTree = "<group>"; };
		0F769060275D3B8D006836F2 /* UserService.swift */ = {isa = PBXFileReference; lastKnownFileType = sourcecode.swift; path = UserService.swift; sourceTree = "<group>"; };
		0F769062275D3B95006836F2 /* MockUserService.swift */ = {isa = PBXFileReference; lastKnownFileType = sourcecode.swift; path = MockUserService.swift; sourceTree = "<group>"; };
		0F769064275D3D52006836F2 /* SignupView.swift */ = {isa = PBXFileReference; lastKnownFileType = sourcecode.swift; path = SignupView.swift; sourceTree = "<group>"; };
		0F769067275D3F3E006836F2 /* RestaurantsService.swift */ = {isa = PBXFileReference; lastKnownFileType = sourcecode.swift; path = RestaurantsService.swift; sourceTree = "<group>"; };
		0F769069275D3F46006836F2 /* MockRestaurantsService.swift */ = {isa = PBXFileReference; lastKnownFileType = sourcecode.swift; path = MockRestaurantsService.swift; sourceTree = "<group>"; };
		0F76906B275D43B5006836F2 /* MockedRestaurants.json */ = {isa = PBXFileReference; lastKnownFileType = text.json; path = MockedRestaurants.json; sourceTree = "<group>"; };
		0F76906E275D4D2C006836F2 /* OrdersService.swift */ = {isa = PBXFileReference; lastKnownFileType = sourcecode.swift; path = OrdersService.swift; sourceTree = "<group>"; };
		0F769070275D4D77006836F2 /* MockOrdersService.swift */ = {isa = PBXFileReference; lastKnownFileType = sourcecode.swift; path = MockOrdersService.swift; sourceTree = "<group>"; };
		0F769072275D4DA8006836F2 /* MockedOrders.json */ = {isa = PBXFileReference; lastKnownFileType = text.json; path = MockedOrders.json; sourceTree = "<group>"; };
		0F8AB009282D7C4800744315 /* NetworkManager.swift */ = {isa = PBXFileReference; lastKnownFileType = sourcecode.swift; path = NetworkManager.swift; sourceTree = "<group>"; };
		0F8AB00B282D7E8200744315 /* HTTPMethod.swift */ = {isa = PBXFileReference; lastKnownFileType = sourcecode.swift; path = HTTPMethod.swift; sourceTree = "<group>"; };
		0F8AB00D282D7EA700744315 /* Endpoint.swift */ = {isa = PBXFileReference; lastKnownFileType = sourcecode.swift; path = Endpoint.swift; sourceTree = "<group>"; };
		0F8AB011282D80A200744315 /* Signup+Endpoint.swift */ = {isa = PBXFileReference; lastKnownFileType = sourcecode.swift; path = "Signup+Endpoint.swift"; sourceTree = "<group>"; };
		0F8AB01428364FC700744315 /* TestNetworkExecutor.swift */ = {isa = PBXFileReference; lastKnownFileType = sourcecode.swift; path = TestNetworkExecutor.swift; sourceTree = "<group>"; };
		0F8AB0172836506200744315 /* Login+Endpoint.swift */ = {isa = PBXFileReference; lastKnownFileType = sourcecode.swift; path = "Login+Endpoint.swift"; sourceTree = "<group>"; };
		0F8AB0192836524400744315 /* APIResults.swift */ = {isa = PBXFileReference; lastKnownFileType = sourcecode.swift; path = APIResults.swift; sourceTree = "<group>"; };
		0F8AB01B2836554600744315 /* ListRestaurants+Endpoint.swift */ = {isa = PBXFileReference; lastKnownFileType = sourcecode.swift; path = "ListRestaurants+Endpoint.swift"; sourceTree = "<group>"; };
		0F8AB01D28365D1B00744315 /* Orders+Endpoint.swift */ = {isa = PBXFileReference; lastKnownFileType = sourcecode.swift; path = "Orders+Endpoint.swift"; sourceTree = "<group>"; };
		0F8AB01F28380CC100744315 /* Payments+Endpoint.swift */ = {isa = PBXFileReference; lastKnownFileType = sourcecode.swift; path = "Payments+Endpoint.swift"; sourceTree = "<group>"; };
		0F8AB0262838128200744315 /* Service.swift */ = {isa = PBXFileReference; lastKnownFileType = sourcecode.swift; path = Service.swift; sourceTree = "<group>"; };
		0F8AB0282838128D00744315 /* User+Service.swift */ = {isa = PBXFileReference; lastKnownFileType = sourcecode.swift; path = "User+Service.swift"; sourceTree = "<group>"; };
		0F8AB02A2838237900744315 /* Restaurant+Service.swift */ = {isa = PBXFileReference; lastKnownFileType = sourcecode.swift; path = "Restaurant+Service.swift"; sourceTree = "<group>"; };
		0F8AB02C28382AA100744315 /* Double+Extension.swift */ = {isa = PBXFileReference; lastKnownFileType = sourcecode.swift; path = "Double+Extension.swift"; sourceTree = "<group>"; };
		0F8AB02E28395AB200744315 /* Date+Extension.swift */ = {isa = PBXFileReference; lastKnownFileType = sourcecode.swift; path = "Date+Extension.swift"; sourceTree = "<group>"; };
		0F8AB03128398C9400744315 /* OrderDatesActionsValidator.swift */ = {isa = PBXFileReference; lastKnownFileType = sourcecode.swift; path = OrderDatesActionsValidator.swift; sourceTree = "<group>"; };
		0F8AB034283991D200744315 /* PaymentMethodsView.swift */ = {isa = PBXFileReference; lastKnownFileType = sourcecode.swift; path = PaymentMethodsView.swift; sourceTree = "<group>"; };
		0F8AB036283A3E9700744315 /* Payments+Service.swift */ = {isa = PBXFileReference; lastKnownFileType = sourcecode.swift; path = "Payments+Service.swift"; sourceTree = "<group>"; };
		0FACF7A2274122B000B55423 /* Slice.app */ = {isa = PBXFileReference; explicitFileType = wrapper.application; includeInIndex = 0; path = Slice.app; sourceTree = BUILT_PRODUCTS_DIR; };
		0FACF7A5274122B000B55423 /* SliceApp.swift */ = {isa = PBXFileReference; lastKnownFileType = sourcecode.swift; path = SliceApp.swift; sourceTree = "<group>"; };
		0FACF7A7274122B000B55423 /* ContentView.swift */ = {isa = PBXFileReference; lastKnownFileType = sourcecode.swift; path = ContentView.swift; sourceTree = "<group>"; };
		0FACF7A9274122B200B55423 /* Assets.xcassets */ = {isa = PBXFileReference; lastKnownFileType = folder.assetcatalog; path = Assets.xcassets; sourceTree = "<group>"; };
		0FACF7AC274122B200B55423 /* Preview Assets.xcassets */ = {isa = PBXFileReference; lastKnownFileType = folder.assetcatalog; path = "Preview Assets.xcassets"; sourceTree = "<group>"; };
		0FACF7B92741230F00B55423 /* HomeView.swift */ = {isa = PBXFileReference; lastKnownFileType = sourcecode.swift; path = HomeView.swift; sourceTree = "<group>"; };
		0FACF7BC2741239D00B55423 /* SLCircleView.swift */ = {isa = PBXFileReference; lastKnownFileType = sourcecode.swift; path = SLCircleView.swift; sourceTree = "<group>"; };
		0FACF7BE2741262600B55423 /* SLProfileHeaderView.swift */ = {isa = PBXFileReference; lastKnownFileType = sourcecode.swift; path = SLProfileHeaderView.swift; sourceTree = "<group>"; };
		0FE9DFA8274A602800AE15B5 /* SecondaryRestaurantsView.swift */ = {isa = PBXFileReference; lastKnownFileType = sourcecode.swift; path = SecondaryRestaurantsView.swift; sourceTree = "<group>"; };
		0FE9DFAB274A607200AE15B5 /* SLUnderTitledViewModifier.swift */ = {isa = PBXFileReference; lastKnownFileType = sourcecode.swift; path = SLUnderTitledViewModifier.swift; sourceTree = "<group>"; };
		0FE9DFB6274AD6FC00AE15B5 /* RestaurantsView.swift */ = {isa = PBXFileReference; lastKnownFileType = sourcecode.swift; path = RestaurantsView.swift; sourceTree = "<group>"; };
/* End PBXFileReference section */

/* Begin PBXFrameworksBuildPhase section */
		0FACF79F274122B000B55423 /* Frameworks */ = {
			isa = PBXFrameworksBuildPhase;
			buildActionMask = 2147483647;
			files = (
				0F662C8627598F0B00C71A41 /* SDWebImageSwiftUI in Frameworks */,
			);
			runOnlyForDeploymentPostprocessing = 0;
		};
/* End PBXFrameworksBuildPhase section */

/* Begin PBXGroup section */
		0F662C722759878800C71A41 /* Auth */ = {
			isa = PBXGroup;
			children = (
				0F662C742759879400C71A41 /* SignUp */,
				0F662C732759878E00C71A41 /* Login */,
			);
			path = Auth;
			sourceTree = "<group>";
		};
		0F662C732759878E00C71A41 /* Login */ = {
			isa = PBXGroup;
			children = (
				0F76905A275D0D3A006836F2 /* LoginView.swift */,
			);
			path = Login;
			sourceTree = "<group>";
		};
		0F662C742759879400C71A41 /* SignUp */ = {
			isa = PBXGroup;
			children = (
				0F769064275D3D52006836F2 /* SignupView.swift */,
			);
			path = SignUp;
			sourceTree = "<group>";
		};
		0F662C75275987A200C71A41 /* RestaurantDetail */ = {
			isa = PBXGroup;
			children = (
				0F769052275CD00C006836F2 /* RestaurantDetailView.swift */,
				0F769054275CD470006836F2 /* DishView.swift */,
			);
			path = RestaurantDetail;
			sourceTree = "<group>";
		};
		0F662C76275987AC00C71A41 /* DishDetail */ = {
			isa = PBXGroup;
			children = (
				0F769056275CF1B5006836F2 /* DishDetailView.swift */,
			);
			path = DishDetail;
			sourceTree = "<group>";
		};
		0F662C77275987B900C71A41 /* Cart */ = {
			isa = PBXGroup;
			children = (
				0F769058275CF636006836F2 /* CartView.swift */,
			);
			path = Cart;
			sourceTree = "<group>";
		};
		0F662C78275987C200C71A41 /* Profile */ = {
			isa = PBXGroup;
			children = (
				0F76905C275D0EE3006836F2 /* ProfileView.swift */,
			);
			path = Profile;
			sourceTree = "<group>";
		};
		0F662C7B2759890C00C71A41 /* Models */ = {
			isa = PBXGroup;
			children = (
				0F662C7C2759891500C71A41 /* User.swift */,
			);
			path = Models;
			sourceTree = "<group>";
		};
		0F662C7E27598D3D00C71A41 /* RestaurantsLists */ = {
			isa = PBXGroup;
			children = (
				0FE9DFB6274AD6FC00AE15B5 /* RestaurantsView.swift */,
				0FE9DFA8274A602800AE15B5 /* SecondaryRestaurantsView.swift */,
			);
			path = RestaurantsLists;
			sourceTree = "<group>";
		};
		0F76905E275D3B77006836F2 /* Services */ = {
			isa = PBXGroup;
			children = (
				0F8AB0252838126C00744315 /* New */,
				0F76906D275D4D21006836F2 /* OrdersService */,
				0F769066275D3F2A006836F2 /* RestaurantsService */,
				0F76905F275D3B81006836F2 /* UserService */,
			);
			path = Services;
			sourceTree = "<group>";
		};
		0F76905F275D3B81006836F2 /* UserService */ = {
			isa = PBXGroup;
			children = (
				0F769060275D3B8D006836F2 /* UserService.swift */,
				0F769062275D3B95006836F2 /* MockUserService.swift */,
			);
			path = UserService;
			sourceTree = "<group>";
		};
		0F769066275D3F2A006836F2 /* RestaurantsService */ = {
			isa = PBXGroup;
			children = (
				0F769067275D3F3E006836F2 /* RestaurantsService.swift */,
				0F769069275D3F46006836F2 /* MockRestaurantsService.swift */,
				0F76906B275D43B5006836F2 /* MockedRestaurants.json */,
			);
			path = RestaurantsService;
			sourceTree = "<group>";
		};
		0F76906D275D4D21006836F2 /* OrdersService */ = {
			isa = PBXGroup;
			children = (
				0F76906E275D4D2C006836F2 /* OrdersService.swift */,
				0F769070275D4D77006836F2 /* MockOrdersService.swift */,
				0F769072275D4DA8006836F2 /* MockedOrders.json */,
			);
			path = OrdersService;
			sourceTree = "<group>";
		};
		0F8AB008282D7C2700744315 /* NetworkLayer */ = {
			isa = PBXGroup;
			children = (
				0F8AB01628364FEB00744315 /* Endpoints */,
				0F8AB01328364FB700744315 /* TestExecutor */,
				0F8AB009282D7C4800744315 /* NetworkManager.swift */,
				0F8AB00B282D7E8200744315 /* HTTPMethod.swift */,
				0F8AB00D282D7EA700744315 /* Endpoint.swift */,
				0F8AB0192836524400744315 /* APIResults.swift */,
			);
			path = NetworkLayer;
			sourceTree = "<group>";
		};
		0F8AB01328364FB700744315 /* TestExecutor */ = {
			isa = PBXGroup;
			children = (
				0F8AB01428364FC700744315 /* TestNetworkExecutor.swift */,
			);
			path = TestExecutor;
			sourceTree = "<group>";
		};
		0F8AB01628364FEB00744315 /* Endpoints */ = {
			isa = PBXGroup;
			children = (
				0F8AB011282D80A200744315 /* Signup+Endpoint.swift */,
				0F8AB0172836506200744315 /* Login+Endpoint.swift */,
				0F8AB01B2836554600744315 /* ListRestaurants+Endpoint.swift */,
				0F8AB01D28365D1B00744315 /* Orders+Endpoint.swift */,
				0F8AB01F28380CC100744315 /* Payments+Endpoint.swift */,
			);
			path = Endpoints;
			sourceTree = "<group>";
		};
		0F8AB0252838126C00744315 /* New */ = {
			isa = PBXGroup;
			children = (
				0F8AB0262838128200744315 /* Service.swift */,
				0F8AB0282838128D00744315 /* User+Service.swift */,
				0F8AB02A2838237900744315 /* Restaurant+Service.swift */,
				0F8AB036283A3E9700744315 /* Payments+Service.swift */,
			);
			path = New;
			sourceTree = "<group>";
		};
		0F8AB03028398C8D00744315 /* Helpers */ = {
			isa = PBXGroup;
			children = (
				0F8AB03128398C9400744315 /* OrderDatesActionsValidator.swift */,
			);
			path = Helpers;
			sourceTree = "<group>";
		};
		0F8AB033283991C600744315 /* Payments */ = {
			isa = PBXGroup;
			children = (
				0F8AB034283991D200744315 /* PaymentMethodsView.swift */,
			);
			path = Payments;
			sourceTree = "<group>";
		};
		0FACF799274122B000B55423 = {
			isa = PBXGroup;
			children = (
				0FACF7A4274122B000B55423 /* Slice */,
				0FACF7A3274122B000B55423 /* Products */,
			);
			sourceTree = "<group>";
		};
		0FACF7A3274122B000B55423 /* Products */ = {
			isa = PBXGroup;
			children = (
				0FACF7A2274122B000B55423 /* Slice.app */,
			);
			name = Products;
			sourceTree = "<group>";
		};
		0FACF7A4274122B000B55423 /* Slice */ = {
			isa = PBXGroup;
			children = (
				0F8AB008282D7C2700744315 /* NetworkLayer */,
				0F76905E275D3B77006836F2 /* Services */,
				0FACF7B4274122D600B55423 /* SLKit */,
				0FACF7B3274122CE00B55423 /* Modules */,
				0FACF7A5274122B000B55423 /* SliceApp.swift */,
				0FACF7A7274122B000B55423 /* ContentView.swift */,
				0FACF7A9274122B200B55423 /* Assets.xcassets */,
				0FACF7AB274122B200B55423 /* Preview Content */,
			);
			path = Slice;
			sourceTree = "<group>";
		};
		0FACF7AB274122B200B55423 /* Preview Content */ = {
			isa = PBXGroup;
			children = (
				0FACF7AC274122B200B55423 /* Preview Assets.xcassets */,
			);
			path = "Preview Content";
			sourceTree = "<group>";
		};
		0FACF7B3274122CE00B55423 /* Modules */ = {
			isa = PBXGroup;
			children = (
				0F8AB033283991C600744315 /* Payments */,
				0F662C7B2759890C00C71A41 /* Models */,
				0F662C78275987C200C71A41 /* Profile */,
				0F662C77275987B900C71A41 /* Cart */,
				0F662C76275987AC00C71A41 /* DishDetail */,
				0F662C75275987A200C71A41 /* RestaurantDetail */,
				0F662C722759878800C71A41 /* Auth */,
				0FACF7B5274122E200B55423 /* HomeView */,
			);
			path = Modules;
			sourceTree = "<group>";
		};
		0FACF7B4274122D600B55423 /* SLKit */ = {
			isa = PBXGroup;
			children = (
				0F8AB03028398C8D00744315 /* Helpers */,
				0FE9DFB1274AD08800AE15B5 /* Extensions */,
				0FACF7BB2741237000B55423 /* UI */,
			);
			path = SLKit;
			sourceTree = "<group>";
		};
		0FACF7B5274122E200B55423 /* HomeView */ = {
			isa = PBXGroup;
			children = (
				0FACF7B6274122ED00B55423 /* View */,
				0FACF7B7274122F100B55423 /* ModelView */,
			);
			path = HomeView;
			sourceTree = "<group>";
		};
		0FACF7B6274122ED00B55423 /* View */ = {
			isa = PBXGroup;
			children = (
				0F662C7E27598D3D00C71A41 /* RestaurantsLists */,
				0FACF7B92741230F00B55423 /* HomeView.swift */,
				0F662C8027598DA100C71A41 /* RestaurantView.swift */,
			);
			path = View;
			sourceTree = "<group>";
		};
		0FACF7B7274122F100B55423 /* ModelView */ = {
			isa = PBXGroup;
			children = (
				0F769050275CCF41006836F2 /* HomeViewViewModel.swift */,
			);
			path = ModelView;
			sourceTree = "<group>";
		};
		0FACF7BB2741237000B55423 /* UI */ = {
			isa = PBXGroup;
			children = (
				0FACF7BC2741239D00B55423 /* SLCircleView.swift */,
				0FACF7BE2741262600B55423 /* SLProfileHeaderView.swift */,
				0FE9DFAA274A606000AE15B5 /* ViewModifiers */,
				0F662C8227598E0C00C71A41 /* AsyncImage.swift */,
			);
			path = UI;
			sourceTree = "<group>";
		};
		0FE9DFAA274A606000AE15B5 /* ViewModifiers */ = {
			isa = PBXGroup;
			children = (
				0FE9DFAB274A607200AE15B5 /* SLUnderTitledViewModifier.swift */,
			);
			path = ViewModifiers;
			sourceTree = "<group>";
		};
		0FE9DFB1274AD08800AE15B5 /* Extensions */ = {
			isa = PBXGroup;
			children = (
				0F8AB02C28382AA100744315 /* Double+Extension.swift */,
				0F8AB02E28395AB200744315 /* Date+Extension.swift */,
			);
			path = Extensions;
			sourceTree = "<group>";
		};
/* End PBXGroup section */

/* Begin PBXNativeTarget section */
		0FACF7A1274122B000B55423 /* Slice */ = {
			isa = PBXNativeTarget;
			buildConfigurationList = 0FACF7B0274122B200B55423 /* Build configuration list for PBXNativeTarget "Slice" */;
			buildPhases = (
				0FACF79E274122B000B55423 /* Sources */,
				0FACF79F274122B000B55423 /* Frameworks */,
				0FACF7A0274122B000B55423 /* Resources */,
			);
			buildRules = (
			);
			dependencies = (
			);
			name = Slice;
			packageProductDependencies = (
				0F662C8527598F0B00C71A41 /* SDWebImageSwiftUI */,
			);
			productName = Slice;
			productReference = 0FACF7A2274122B000B55423 /* Slice.app */;
			productType = "com.apple.product-type.application";
		};
/* End PBXNativeTarget section */

/* Begin PBXProject section */
		0FACF79A274122B000B55423 /* Project object */ = {
			isa = PBXProject;
			attributes = {
				BuildIndependentTargetsInParallel = 1;
				LastSwiftUpdateCheck = 1310;
				LastUpgradeCheck = 1310;
				TargetAttributes = {
					0FACF7A1274122B000B55423 = {
						CreatedOnToolsVersion = 13.1;
					};
				};
			};
			buildConfigurationList = 0FACF79D274122B000B55423 /* Build configuration list for PBXProject "Slice" */;
			compatibilityVersion = "Xcode 13.0";
			developmentRegion = en;
			hasScannedForEncodings = 0;
			knownRegions = (
				en,
				Base,
			);
			mainGroup = 0FACF799274122B000B55423;
			packageReferences = (
				0F662C8427598F0B00C71A41 /* XCRemoteSwiftPackageReference "SDWebImageSwiftUI" */,
			);
			productRefGroup = 0FACF7A3274122B000B55423 /* Products */;
			projectDirPath = "";
			projectRoot = "";
			targets = (
				0FACF7A1274122B000B55423 /* Slice */,
			);
		};
/* End PBXProject section */

/* Begin PBXResourcesBuildPhase section */
		0FACF7A0274122B000B55423 /* Resources */ = {
			isa = PBXResourcesBuildPhase;
			buildActionMask = 2147483647;
			files = (
				0F76906C275D43B5006836F2 /* MockedRestaurants.json in Resources */,
				0FACF7AD274122B200B55423 /* Preview Assets.xcassets in Resources */,
				0FACF7AA274122B200B55423 /* Assets.xcassets in Resources */,
				0F769073275D4DA8006836F2 /* MockedOrders.json in Resources */,
			);
			runOnlyForDeploymentPostprocessing = 0;
		};
/* End PBXResourcesBuildPhase section */

/* Begin PBXSourcesBuildPhase section */
		0FACF79E274122B000B55423 /* Sources */ = {
			isa = PBXSourcesBuildPhase;
			buildActionMask = 2147483647;
			files = (
				0F8AB01E28365D1B00744315 /* Orders+Endpoint.swift in Sources */,
				0F8AB00A282D7C4800744315 /* NetworkManager.swift in Sources */,
				0F8AB03228398C9400744315 /* OrderDatesActionsValidator.swift in Sources */,
				0F8AB00E282D7EA700744315 /* Endpoint.swift in Sources */,
				0F662C7D2759891500C71A41 /* User.swift in Sources */,
				0FACF7BF2741262600B55423 /* SLProfileHeaderView.swift in Sources */,
				0F8AB02F28395AB200744315 /* Date+Extension.swift in Sources */,
				0F662C8127598DA100C71A41 /* RestaurantView.swift in Sources */,
				0F769059275CF636006836F2 /* CartView.swift in Sources */,
				0FACF7BA2741230F00B55423 /* HomeView.swift in Sources */,
				0F662C8327598E0C00C71A41 /* AsyncImage.swift in Sources */,
				0F76906A275D3F46006836F2 /* MockRestaurantsService.swift in Sources */,
				0F769057275CF1B5006836F2 /* DishDetailView.swift in Sources */,
				0F769071275D4D77006836F2 /* MockOrdersService.swift in Sources */,
				0FE9DFA9274A602800AE15B5 /* SecondaryRestaurantsView.swift in Sources */,
				0FE9DFB7274AD6FC00AE15B5 /* RestaurantsView.swift in Sources */,
				0F769053275CD00C006836F2 /* RestaurantDetailView.swift in Sources */,
				0F8AB01C2836554600744315 /* ListRestaurants+Endpoint.swift in Sources */,
				0FE9DFAC274A607200AE15B5 /* SLUnderTitledViewModifier.swift in Sources */,
				0F8AB02D28382AA100744315 /* Double+Extension.swift in Sources */,
				0F76905B275D0D3A006836F2 /* LoginView.swift in Sources */,
				0F8AB00C282D7E8200744315 /* HTTPMethod.swift in Sources */,
				0FACF7A8274122B000B55423 /* ContentView.swift in Sources */,
				0F769055275CD470006836F2 /* DishView.swift in Sources */,
				0F8AB0182836506200744315 /* Login+Endpoint.swift in Sources */,
				0FACF7BD2741239D00B55423 /* SLCircleView.swift in Sources */,
				0F8AB037283A3E9700744315 /* Payments+Service.swift in Sources */,
				0F769068275D3F3E006836F2 /* RestaurantsService.swift in Sources */,
				0F8AB012282D80A200744315 /* Signup+Endpoint.swift in Sources */,
				0F8AB01528364FC800744315 /* TestNetworkExecutor.swift in Sources */,
				0F769061275D3B8D006836F2 /* UserService.swift in Sources */,
				0F8AB0272838128200744315 /* Service.swift in Sources */,
				0F8AB02B2838237900744315 /* Restaurant+Service.swift in Sources */,
				0F76906F275D4D2C006836F2 /* OrdersService.swift in Sources */,
				0F76905D275D0EE3006836F2 /* ProfileView.swift in Sources */,
				0F8AB035283991D200744315 /* PaymentMethodsView.swift in Sources */,
				0F769063275D3B95006836F2 /* MockUserService.swift in Sources */,
				0F8AB01A2836524400744315 /* APIResults.swift in Sources */,
				0F769051275CCF41006836F2 /* HomeViewViewModel.swift in Sources */,
				0F769065275D3D52006836F2 /* SignupView.swift in Sources */,
				0FACF7A6274122B000B55423 /* SliceApp.swift in Sources */,
				0F8AB0292838128D00744315 /* User+Service.swift in Sources */,
				0F8AB02028380CC100744315 /* Payments+Endpoint.swift in Sources */,
			);
			runOnlyForDeploymentPostprocessing = 0;
		};
/* End PBXSourcesBuildPhase section */

/* Begin XCBuildConfiguration section */
		0FACF7AE274122B200B55423 /* Debug */ = {
			isa = XCBuildConfiguration;
			buildSettings = {
				ALWAYS_SEARCH_USER_PATHS = NO;
				CLANG_ANALYZER_NONNULL = YES;
				CLANG_ANALYZER_NUMBER_OBJECT_CONVERSION = YES_AGGRESSIVE;
				CLANG_CXX_LANGUAGE_STANDARD = "gnu++17";
				CLANG_CXX_LIBRARY = "libc++";
				CLANG_ENABLE_MODULES = YES;
				CLANG_ENABLE_OBJC_ARC = YES;
				CLANG_ENABLE_OBJC_WEAK = YES;
				CLANG_WARN_BLOCK_CAPTURE_AUTORELEASING = YES;
				CLANG_WARN_BOOL_CONVERSION = YES;
				CLANG_WARN_COMMA = YES;
				CLANG_WARN_CONSTANT_CONVERSION = YES;
				CLANG_WARN_DEPRECATED_OBJC_IMPLEMENTATIONS = YES;
				CLANG_WARN_DIRECT_OBJC_ISA_USAGE = YES_ERROR;
				CLANG_WARN_DOCUMENTATION_COMMENTS = YES;
				CLANG_WARN_EMPTY_BODY = YES;
				CLANG_WARN_ENUM_CONVERSION = YES;
				CLANG_WARN_INFINITE_RECURSION = YES;
				CLANG_WARN_INT_CONVERSION = YES;
				CLANG_WARN_NON_LITERAL_NULL_CONVERSION = YES;
				CLANG_WARN_OBJC_IMPLICIT_RETAIN_SELF = YES;
				CLANG_WARN_OBJC_LITERAL_CONVERSION = YES;
				CLANG_WARN_OBJC_ROOT_CLASS = YES_ERROR;
				CLANG_WARN_QUOTED_INCLUDE_IN_FRAMEWORK_HEADER = YES;
				CLANG_WARN_RANGE_LOOP_ANALYSIS = YES;
				CLANG_WARN_STRICT_PROTOTYPES = YES;
				CLANG_WARN_SUSPICIOUS_MOVE = YES;
				CLANG_WARN_UNGUARDED_AVAILABILITY = YES_AGGRESSIVE;
				CLANG_WARN_UNREACHABLE_CODE = YES;
				CLANG_WARN__DUPLICATE_METHOD_MATCH = YES;
				COPY_PHASE_STRIP = NO;
				DEBUG_INFORMATION_FORMAT = dwarf;
				ENABLE_STRICT_OBJC_MSGSEND = YES;
				ENABLE_TESTABILITY = YES;
				GCC_C_LANGUAGE_STANDARD = gnu11;
				GCC_DYNAMIC_NO_PIC = NO;
				GCC_NO_COMMON_BLOCKS = YES;
				GCC_OPTIMIZATION_LEVEL = 0;
				GCC_PREPROCESSOR_DEFINITIONS = (
					"DEBUG=1",
					"$(inherited)",
				);
				GCC_WARN_64_TO_32_BIT_CONVERSION = YES;
				GCC_WARN_ABOUT_RETURN_TYPE = YES_ERROR;
				GCC_WARN_UNDECLARED_SELECTOR = YES;
				GCC_WARN_UNINITIALIZED_AUTOS = YES_AGGRESSIVE;
				GCC_WARN_UNUSED_FUNCTION = YES;
				GCC_WARN_UNUSED_VARIABLE = YES;
				IPHONEOS_DEPLOYMENT_TARGET = 15.0;
				MTL_ENABLE_DEBUG_INFO = INCLUDE_SOURCE;
				MTL_FAST_MATH = YES;
				ONLY_ACTIVE_ARCH = YES;
				SDKROOT = iphoneos;
				SWIFT_ACTIVE_COMPILATION_CONDITIONS = DEBUG;
				SWIFT_OPTIMIZATION_LEVEL = "-Onone";
			};
			name = Debug;
		};
		0FACF7AF274122B200B55423 /* Release */ = {
			isa = XCBuildConfiguration;
			buildSettings = {
				ALWAYS_SEARCH_USER_PATHS = NO;
				CLANG_ANALYZER_NONNULL = YES;
				CLANG_ANALYZER_NUMBER_OBJECT_CONVERSION = YES_AGGRESSIVE;
				CLANG_CXX_LANGUAGE_STANDARD = "gnu++17";
				CLANG_CXX_LIBRARY = "libc++";
				CLANG_ENABLE_MODULES = YES;
				CLANG_ENABLE_OBJC_ARC = YES;
				CLANG_ENABLE_OBJC_WEAK = YES;
				CLANG_WARN_BLOCK_CAPTURE_AUTORELEASING = YES;
				CLANG_WARN_BOOL_CONVERSION = YES;
				CLANG_WARN_COMMA = YES;
				CLANG_WARN_CONSTANT_CONVERSION = YES;
				CLANG_WARN_DEPRECATED_OBJC_IMPLEMENTATIONS = YES;
				CLANG_WARN_DIRECT_OBJC_ISA_USAGE = YES_ERROR;
				CLANG_WARN_DOCUMENTATION_COMMENTS = YES;
				CLANG_WARN_EMPTY_BODY = YES;
				CLANG_WARN_ENUM_CONVERSION = YES;
				CLANG_WARN_INFINITE_RECURSION = YES;
				CLANG_WARN_INT_CONVERSION = YES;
				CLANG_WARN_NON_LITERAL_NULL_CONVERSION = YES;
				CLANG_WARN_OBJC_IMPLICIT_RETAIN_SELF = YES;
				CLANG_WARN_OBJC_LITERAL_CONVERSION = YES;
				CLANG_WARN_OBJC_ROOT_CLASS = YES_ERROR;
				CLANG_WARN_QUOTED_INCLUDE_IN_FRAMEWORK_HEADER = YES;
				CLANG_WARN_RANGE_LOOP_ANALYSIS = YES;
				CLANG_WARN_STRICT_PROTOTYPES = YES;
				CLANG_WARN_SUSPICIOUS_MOVE = YES;
				CLANG_WARN_UNGUARDED_AVAILABILITY = YES_AGGRESSIVE;
				CLANG_WARN_UNREACHABLE_CODE = YES;
				CLANG_WARN__DUPLICATE_METHOD_MATCH = YES;
				COPY_PHASE_STRIP = NO;
				DEBUG_INFORMATION_FORMAT = "dwarf-with-dsym";
				ENABLE_NS_ASSERTIONS = NO;
				ENABLE_STRICT_OBJC_MSGSEND = YES;
				GCC_C_LANGUAGE_STANDARD = gnu11;
				GCC_NO_COMMON_BLOCKS = YES;
				GCC_WARN_64_TO_32_BIT_CONVERSION = YES;
				GCC_WARN_ABOUT_RETURN_TYPE = YES_ERROR;
				GCC_WARN_UNDECLARED_SELECTOR = YES;
				GCC_WARN_UNINITIALIZED_AUTOS = YES_AGGRESSIVE;
				GCC_WARN_UNUSED_FUNCTION = YES;
				GCC_WARN_UNUSED_VARIABLE = YES;
				IPHONEOS_DEPLOYMENT_TARGET = 15.0;
				MTL_ENABLE_DEBUG_INFO = NO;
				MTL_FAST_MATH = YES;
				SDKROOT = iphoneos;
				SWIFT_COMPILATION_MODE = wholemodule;
				SWIFT_OPTIMIZATION_LEVEL = "-O";
				VALIDATE_PRODUCT = YES;
			};
			name = Release;
		};
		0FACF7B1274122B200B55423 /* Debug */ = {
			isa = XCBuildConfiguration;
			buildSettings = {
				ASSETCATALOG_COMPILER_APPICON_NAME = AppIcon;
				ASSETCATALOG_COMPILER_GLOBAL_ACCENT_COLOR_NAME = AccentColor;
				CODE_SIGN_STYLE = Automatic;
				CURRENT_PROJECT_VERSION = 1;
				DEVELOPMENT_ASSET_PATHS = "\"Slice/Preview Content\"";
				DEVELOPMENT_TEAM = 3TG9F8VMYJ;
				ENABLE_PREVIEWS = YES;
				GENERATE_INFOPLIST_FILE = YES;
				INFOPLIST_KEY_UIApplicationSceneManifest_Generation = YES;
				INFOPLIST_KEY_UIApplicationSupportsIndirectInputEvents = YES;
				INFOPLIST_KEY_UILaunchScreen_Generation = YES;
				INFOPLIST_KEY_UISupportedInterfaceOrientations_iPad = "UIInterfaceOrientationPortrait UIInterfaceOrientationPortraitUpsideDown UIInterfaceOrientationLandscapeLeft UIInterfaceOrientationLandscapeRight";
				INFOPLIST_KEY_UISupportedInterfaceOrientations_iPhone = "UIInterfaceOrientationPortrait UIInterfaceOrientationLandscapeLeft UIInterfaceOrientationLandscapeRight";
				LD_RUNPATH_SEARCH_PATHS = (
					"$(inherited)",
					"@executable_path/Frameworks",
				);
				MARKETING_VERSION = 1.0;
				PRODUCT_BUNDLE_IDENTIFIER = com.artyombatura.Slice;
				PRODUCT_NAME = "$(TARGET_NAME)";
				SWIFT_EMIT_LOC_STRINGS = YES;
				SWIFT_VERSION = 5.0;
				TARGETED_DEVICE_FAMILY = "1,2";
			};
			name = Debug;
		};
		0FACF7B2274122B200B55423 /* Release */ = {
			isa = XCBuildConfiguration;
			buildSettings = {
				ASSETCATALOG_COMPILER_APPICON_NAME = AppIcon;
				ASSETCATALOG_COMPILER_GLOBAL_ACCENT_COLOR_NAME = AccentColor;
				CODE_SIGN_STYLE = Automatic;
				CURRENT_PROJECT_VERSION = 1;
				DEVELOPMENT_ASSET_PATHS = "\"Slice/Preview Content\"";
				DEVELOPMENT_TEAM = 3TG9F8VMYJ;
				ENABLE_PREVIEWS = YES;
				GENERATE_INFOPLIST_FILE = YES;
				INFOPLIST_KEY_UIApplicationSceneManifest_Generation = YES;
				INFOPLIST_KEY_UIApplicationSupportsIndirectInputEvents = YES;
				INFOPLIST_KEY_UILaunchScreen_Generation = YES;
				INFOPLIST_KEY_UISupportedInterfaceOrientations_iPad = "UIInterfaceOrientationPortrait UIInterfaceOrientationPortraitUpsideDown UIInterfaceOrientationLandscapeLeft UIInterfaceOrientationLandscapeRight";
				INFOPLIST_KEY_UISupportedInterfaceOrientations_iPhone = "UIInterfaceOrientationPortrait UIInterfaceOrientationLandscapeLeft UIInterfaceOrientationLandscapeRight";
				LD_RUNPATH_SEARCH_PATHS = (
					"$(inherited)",
					"@executable_path/Frameworks",
				);
				MARKETING_VERSION = 1.0;
				PRODUCT_BUNDLE_IDENTIFIER = com.artyombatura.Slice;
				PRODUCT_NAME = "$(TARGET_NAME)";
				SWIFT_EMIT_LOC_STRINGS = YES;
				SWIFT_VERSION = 5.0;
				TARGETED_DEVICE_FAMILY = "1,2";
			};
			name = Release;
		};
/* End XCBuildConfiguration section */

/* Begin XCConfigurationList section */
		0FACF79D274122B000B55423 /* Build configuration list for PBXProject "Slice" */ = {
			isa = XCConfigurationList;
			buildConfigurations = (
				0FACF7AE274122B200B55423 /* Debug */,
				0FACF7AF274122B200B55423 /* Release */,
			);
			defaultConfigurationIsVisible = 0;
			defaultConfigurationName = Release;
		};
		0FACF7B0274122B200B55423 /* Build configuration list for PBXNativeTarget "Slice" */ = {
			isa = XCConfigurationList;
			buildConfigurations = (
				0FACF7B1274122B200B55423 /* Debug */,
				0FACF7B2274122B200B55423 /* Release */,
			);
			defaultConfigurationIsVisible = 0;
			defaultConfigurationName = Release;
		};
/* End XCConfigurationList section */

/* Begin XCRemoteSwiftPackageReference section */
		0F662C8427598F0B00C71A41 /* XCRemoteSwiftPackageReference "SDWebImageSwiftUI" */ = {
			isa = XCRemoteSwiftPackageReference;
			repositoryURL = "https://github.com/SDWebImage/SDWebImageSwiftUI.git";
			requirement = {
				kind = upToNextMajorVersion;
				minimumVersion = 2.0.0;
			};
		};
/* End XCRemoteSwiftPackageReference section */

/* Begin XCSwiftPackageProductDependency section */
		0F662C8527598F0B00C71A41 /* SDWebImageSwiftUI */ = {
			isa = XCSwiftPackageProductDependency;
			package = 0F662C8427598F0B00C71A41 /* XCRemoteSwiftPackageReference "SDWebImageSwiftUI" */;
			productName = SDWebImageSwiftUI;
		};
/* End XCSwiftPackageProductDependency section */
	};
	rootObject = 0FACF79A274122B000B55423 /* Project object */;
}
